
Microsoft Visual Studio Solution File, Format Version 12.00
# Visual Studio 15
VisualStudioVersion = 15.0.28307.102
MinimumVisualStudioVersion = 10.0.40219.1
Project("{FAE04EC0-301F-11D3-BF4B-00C04F79EFBC}") = "CalculatorGitHubLab", "CalculatorGitHubLab\CalculatorGitHubLab.csproj", "{DD4ABFE3-2E6C-4F43-8E82-1D9D22C86F4B}"
EndProject
Global
	GlobalSection(SolutionConfigurationPlatforms) = preSolution
		Debug|Any CPU = Debug|Any CPU
		Release|Any CPU = Release|Any CPU
	EndGlobalSection
	GlobalSection(ProjectConfigurationPlatforms) = postSolution
		{DD4ABFE3-2E6C-4F43-8E82-1D9D22C86F4B}.Debug|Any CPU.ActiveCfg = Debug|Any CPU
		{DD4ABFE3-2E6C-4F43-8E82-1D9D22C86F4B}.Debug|Any CPU.Build.0 = Debug|Any CPU
		{DD4ABFE3-2E6C-4F43-8E82-1D9D22C86F4B}.Release|Any CPU.ActiveCfg = Release|Any CPU
		{DD4ABFE3-2E6C-4F43-8E82-1D9D22C86F4B}.Release|Any CPU.Build.0 = Release|Any CPU
	EndGlobalSection
	GlobalSection(SolutionProperties) = preSolution
		HideSolutionNode = FALSE
	EndGlobalSection
	GlobalSection(ExtensibilityGlobals) = postSolution
		SolutionGuid = {76F162E7-8503-4887-9C4E-32A8E2770A62}
	EndGlobalSection
EndGlobal
